
Microsoft Visual Studio Solution File, Format Version 12.00
# Visual Studio 2013
VisualStudioVersion = 12.0.31101.0
MinimumVisualStudioVersion = 10.0.40219.1
Project("{FAE04EC0-301F-11D3-BF4B-00C04F79EFBC}") = "HB8.CSMS.DAL", "HB8.CSMS.DAL\HB8.CSMS.DAL.csproj", "{3326AE42-A3CA-44AE-8188-2BA452E97DE9}"
EndProject
Project("{FAE04EC0-301F-11D3-BF4B-00C04F79EFBC}") = "HB8.CSMS.BLL", "HB8.CSMS.BLL\HB8.CSMS.BLL.csproj", "{940522B0-7274-406D-B56E-061495B5C68C}"
EndProject
Project("{FAE04EC0-301F-11D3-BF4B-00C04F79EFBC}") = "HB8.CSMS.MVC4", "HB8.CSMS.MVC4\HB8.CSMS.MVC4.csproj", "{5EBB07B8-867E-45A7-8D2E-EDE006205132}"
EndProject
Project("{FAE04EC0-301F-11D3-BF4B-00C04F79EFBC}") = "HB8.CSMS.MVC4.Tests", "HB8.CSMS.MVC4.Tests\HB8.CSMS.MVC4.Tests.csproj", "{D19D80E3-0945-4EA6-ACCA-243A89173F59}"
EndProject
Global
	GlobalSection(SolutionConfigurationPlatforms) = preSolution
		Debug|Any CPU = Debug|Any CPU
		Release|Any CPU = Release|Any CPU
	EndGlobalSection
	GlobalSection(ProjectConfigurationPlatforms) = postSolution
		{3326AE42-A3CA-44AE-8188-2BA452E97DE9}.Debug|Any CPU.ActiveCfg = Debug|Any CPU
		{3326AE42-A3CA-44AE-8188-2BA452E97DE9}.Debug|Any CPU.Build.0 = Debug|Any CPU
		{3326AE42-A3CA-44AE-8188-2BA452E97DE9}.Release|Any CPU.ActiveCfg = Release|Any CPU
		{3326AE42-A3CA-44AE-8188-2BA452E97DE9}.Release|Any CPU.Build.0 = Release|Any CPU
		{940522B0-7274-406D-B56E-061495B5C68C}.Debug|Any CPU.ActiveCfg = Debug|Any CPU
		{940522B0-7274-406D-B56E-061495B5C68C}.Debug|Any CPU.Build.0 = Debug|Any CPU
		{940522B0-7274-406D-B56E-061495B5C68C}.Release|Any CPU.ActiveCfg = Release|Any CPU
		{940522B0-7274-406D-B56E-061495B5C68C}.Release|Any CPU.Build.0 = Release|Any CPU
		{5EBB07B8-867E-45A7-8D2E-EDE006205132}.Debug|Any CPU.ActiveCfg = Debug|Any CPU
		{5EBB07B8-867E-45A7-8D2E-EDE006205132}.Debug|Any CPU.Build.0 = Debug|Any CPU
		{5EBB07B8-867E-45A7-8D2E-EDE006205132}.Release|Any CPU.ActiveCfg = Release|Any CPU
		{5EBB07B8-867E-45A7-8D2E-EDE006205132}.Release|Any CPU.Build.0 = Release|Any CPU
		{D19D80E3-0945-4EA6-ACCA-243A89173F59}.Debug|Any CPU.ActiveCfg = Debug|Any CPU
		{D19D80E3-0945-4EA6-ACCA-243A89173F59}.Debug|Any CPU.Build.0 = Debug|Any CPU
		{D19D80E3-0945-4EA6-ACCA-243A89173F59}.Release|Any CPU.ActiveCfg = Release|Any CPU
		{D19D80E3-0945-4EA6-ACCA-243A89173F59}.Release|Any CPU.Build.0 = Release|Any CPU
	EndGlobalSection
	GlobalSection(SolutionProperties) = preSolution
		HideSolutionNode = FALSE
	EndGlobalSection
EndGlobal
