
Microsoft Visual Studio Solution File, Format Version 12.00
# Visual Studio 2013
VisualStudioVersion = 12.0.31101.0
MinimumVisualStudioVersion = 10.0.40219.1
Project("{FAE04EC0-301F-11D3-BF4B-00C04F79EFBC}") = "HB8.CSMS.DAL", "HB8.CSMS.DAL\HB8.CSMS.DAL.csproj", "{3326AE42-A3CA-44AE-8188-2BA452E97DE9}"
EndProject
Project("{FAE04EC0-301F-11D3-BF4B-00C04F79EFBC}") = "HB8.CSMS.BLL", "HB8.CSMS.BLL\HB8.CSMS.BLL.csproj", "{940522B0-7274-406D-B56E-061495B5C68C}"
EndProject
Project("{FAE04EC0-301F-11D3-BF4B-00C04F79EFBC}") = "HB8.CSMS.MVC", "HB8.CSMS.MVC\HB8.CSMS.MVC.csproj", "{AF0F3145-CC61-42D3-9725-6645F01FF220}"
EndProject
Project("{FAE04EC0-301F-11D3-BF4B-00C04F79EFBC}") = "HB8.CSMS.MVC.Tests", "HB8.CSMS.MVC.Tests\HB8.CSMS.MVC.Tests.csproj", "{2005A352-4D30-45FD-917A-F8C1EC68627D}"
EndProject
Global
	GlobalSection(SolutionConfigurationPlatforms) = preSolution
		Debug|Any CPU = Debug|Any CPU
		Release|Any CPU = Release|Any CPU
	EndGlobalSection
	GlobalSection(ProjectConfigurationPlatforms) = postSolution
		{3326AE42-A3CA-44AE-8188-2BA452E97DE9}.Debug|Any CPU.ActiveCfg = Debug|Any CPU
		{3326AE42-A3CA-44AE-8188-2BA452E97DE9}.Debug|Any CPU.Build.0 = Debug|Any CPU
		{3326AE42-A3CA-44AE-8188-2BA452E97DE9}.Release|Any CPU.ActiveCfg = Release|Any CPU
		{3326AE42-A3CA-44AE-8188-2BA452E97DE9}.Release|Any CPU.Build.0 = Release|Any CPU
		{940522B0-7274-406D-B56E-061495B5C68C}.Debug|Any CPU.ActiveCfg = Debug|Any CPU
		{940522B0-7274-406D-B56E-061495B5C68C}.Debug|Any CPU.Build.0 = Debug|Any CPU
		{940522B0-7274-406D-B56E-061495B5C68C}.Release|Any CPU.ActiveCfg = Release|Any CPU
		{940522B0-7274-406D-B56E-061495B5C68C}.Release|Any CPU.Build.0 = Release|Any CPU
		{AF0F3145-CC61-42D3-9725-6645F01FF220}.Debug|Any CPU.ActiveCfg = Debug|Any CPU
		{AF0F3145-CC61-42D3-9725-6645F01FF220}.Debug|Any CPU.Build.0 = Debug|Any CPU
		{AF0F3145-CC61-42D3-9725-6645F01FF220}.Release|Any CPU.ActiveCfg = Release|Any CPU
		{AF0F3145-CC61-42D3-9725-6645F01FF220}.Release|Any CPU.Build.0 = Release|Any CPU
		{2005A352-4D30-45FD-917A-F8C1EC68627D}.Debug|Any CPU.ActiveCfg = Debug|Any CPU
		{2005A352-4D30-45FD-917A-F8C1EC68627D}.Debug|Any CPU.Build.0 = Debug|Any CPU
		{2005A352-4D30-45FD-917A-F8C1EC68627D}.Release|Any CPU.ActiveCfg = Release|Any CPU
		{2005A352-4D30-45FD-917A-F8C1EC68627D}.Release|Any CPU.Build.0 = Release|Any CPU
	EndGlobalSection
	GlobalSection(SolutionProperties) = preSolution
		HideSolutionNode = FALSE
	EndGlobalSection
EndGlobal
